{
  "name": "truecoin",
  "version": "1.0.0",
  "lockfileVersion": 1,
  "requires": true,
  "dependencies": {
    "dotenv": {
      "version": "4.0.0",
      "resolved": "https://registry.npmjs.org/dotenv/-/dotenv-4.0.0.tgz",
      "integrity": "sha1-hk7xN5rO1Vzm+V3r7NzhefegzR0="
    },
    "zeppelin-solidity": {
      "version": "1.5.0",
      "resolved": "https://registry.npmjs.org/zeppelin-solidity/-/zeppelin-solidity-1.5.0.tgz",
      "integrity": "sha512-X4Z7JNarpK71BqiHn/vYrKM1Xul/YeDM9Wr8i2TnTPZSmsUWFy4R4vRxyMk3td58UKvApidWejtgHOC7rkSSew==",
      "requires": {
        "dotenv": "4.0.0"
      }
    }
  }
}
